Microsoft Visual Studio Solution File, Format Version 12.00
# Visual Studio Version 17
VisualStudioVersion = 17.5.2.0
MinimumVisualStudioVersion = 10.0.40219.1
Project("{FAE04EC0-301F-11D3-BF4B-00C04F79EFBC}") = "AuthenticationTest", "AuthenticationTest.csproj", "{FDB53EAF-38DA-661A-4CCC-DD53BA323A6A}"
EndProject
Global
	GlobalSection(SolutionConfigurationPlatforms) = preSolution
		Debug|Any CPU = Debug|Any CPU
		Release|Any CPU = Release|Any CPU
	EndGlobalSection
	GlobalSection(ProjectConfigurationPlatforms) = postSolution
		{FDB53EAF-38DA-661A-4CCC-DD53BA323A6A}.Debug|Any CPU.ActiveCfg = Debug|Any CPU
		{FDB53EAF-38DA-661A-4CCC-DD53BA323A6A}.Debug|Any CPU.Build.0 = Debug|Any CPU
		{FDB53EAF-38DA-661A-4CCC-DD53BA323A6A}.Release|Any CPU.ActiveCfg = Release|Any CPU
		{FDB53EAF-38DA-661A-4CCC-DD53BA323A6A}.Release|Any CPU.Build.0 = Release|Any CPU
	EndGlobalSection
	GlobalSection(SolutionProperties) = preSolution
		HideSolutionNode = FALSE
	EndGlobalSection
	GlobalSection(ExtensibilityGlobals) = postSolution
		SolutionGuid = {812B5426-EE4D-42E4-8C4F-600C0803E5B7}
	EndGlobalSection
EndGlobal
